dependencies:
- name: greeting
  repository: file://charts/greeting
  version: 0.2.5
- name: move2kube
  repository: file://charts/move2kube
  version: 0.2.9
- name: mta
  repository: file://charts/mta
  version: 0.2.10
digest: sha256:d1fe18dd9f07d9018f3ddf8be4766b05dbf4fba0526fd08c606ebeae9e2f6aff
generated: "2024-03-22T10:39:25.693463138Z"
