dependencies:
- name: greeting
  repository: file://charts/greeting
  version: 0.2.7
- name: move2kube
  repository: file://charts/move2kube
  version: 0.2.10
- name: mta
  repository: file://charts/mta
  version: 0.2.14
digest: sha256:b4060657bd0cd09b4deb21c80b5d17cf377c648b2d7a9d4c29cb20035c004f11
generated: "2024-03-27T14:35:36.733763724Z"
